
Microsoft Visual Studio Solution File, Format Version 12.00
# Visual Studio Version 16
VisualStudioVersion = 16.0.30114.105
MinimumVisualStudioVersion = 10.0.40219.1
Project("{FAE04EC0-301F-11D3-BF4B-00C04F79EFBC}") = "iDecryptIt-WPF", "iDecryptIt-WPF\iDecryptIt-WPF.csproj", "{A627FA1E-BE08-4003-B14B-51DC5C05FE6A}"
EndProject
Project("{FAE04EC0-301F-11D3-BF4B-00C04F79EFBC}") = "iDecryptIt", "iDecryptIt\iDecryptIt.csproj", "{57453F7A-045A-4BC2-941E-8C5E011AF45D}"
EndProject
Project("{FAE04EC0-301F-11D3-BF4B-00C04F79EFBC}") = "iDecryptIt.IO", "iDecryptIt.IO\iDecryptIt.IO.csproj", "{A539B536-9D1D-497A-9A0A-EA7EAD88DE15}"
EndProject
Project("{FAE04EC0-301F-11D3-BF4B-00C04F79EFBC}") = "iDecryptIt.Shared", "iDecryptIt.Shared\iDecryptIt.Shared.csproj", "{209BA5DF-398E-4654-85E2-F026FFCC51F2}"
EndProject
Project("{FAE04EC0-301F-11D3-BF4B-00C04F79EFBC}") = "KeyGrabber", "KeyGrabber\KeyGrabber.csproj", "{82510FB3-F606-4F2D-AB3E-ACB8519B8F98}"
EndProject
Project("{FAE04EC0-301F-11D3-BF4B-00C04F79EFBC}") = "PListLib", "PListLib\PListLib.csproj", "{2656CD10-EC52-49DB-A74D-578F7EF1D690}"
EndProject
Global
	GlobalSection(SolutionConfigurationPlatforms) = preSolution
		Debug|Any CPU = Debug|Any CPU
		Release|Any CPU = Release|Any CPU
	EndGlobalSection
	GlobalSection(SolutionProperties) = preSolution
		HideSolutionNode = FALSE
	EndGlobalSection
	GlobalSection(ProjectConfigurationPlatforms) = postSolution
		{A627FA1E-BE08-4003-B14B-51DC5C05FE6A}.Debug|Any CPU.ActiveCfg = Debug|x86
		{A627FA1E-BE08-4003-B14B-51DC5C05FE6A}.Release|Any CPU.ActiveCfg = Release|x86
		{57453F7A-045A-4BC2-941E-8C5E011AF45D}.Debug|Any CPU.ActiveCfg = Debug|Any CPU
		{57453F7A-045A-4BC2-941E-8C5E011AF45D}.Debug|Any CPU.Build.0 = Debug|Any CPU
		{57453F7A-045A-4BC2-941E-8C5E011AF45D}.Release|Any CPU.ActiveCfg = Release|Any CPU
		{57453F7A-045A-4BC2-941E-8C5E011AF45D}.Release|Any CPU.Build.0 = Release|Any CPU
		{A539B536-9D1D-497A-9A0A-EA7EAD88DE15}.Debug|Any CPU.ActiveCfg = Debug|Any CPU
		{A539B536-9D1D-497A-9A0A-EA7EAD88DE15}.Debug|Any CPU.Build.0 = Debug|Any CPU
		{A539B536-9D1D-497A-9A0A-EA7EAD88DE15}.Release|Any CPU.ActiveCfg = Release|Any CPU
		{A539B536-9D1D-497A-9A0A-EA7EAD88DE15}.Release|Any CPU.Build.0 = Release|Any CPU
		{209BA5DF-398E-4654-85E2-F026FFCC51F2}.Debug|Any CPU.ActiveCfg = Debug|Any CPU
		{209BA5DF-398E-4654-85E2-F026FFCC51F2}.Debug|Any CPU.Build.0 = Debug|Any CPU
		{209BA5DF-398E-4654-85E2-F026FFCC51F2}.Release|Any CPU.ActiveCfg = Release|Any CPU
		{209BA5DF-398E-4654-85E2-F026FFCC51F2}.Release|Any CPU.Build.0 = Release|Any CPU
		{82510FB3-F606-4F2D-AB3E-ACB8519B8F98}.Debug|Any CPU.ActiveCfg = Debug|Any CPU
		{82510FB3-F606-4F2D-AB3E-ACB8519B8F98}.Debug|Any CPU.Build.0 = Debug|Any CPU
		{82510FB3-F606-4F2D-AB3E-ACB8519B8F98}.Release|Any CPU.ActiveCfg = Release|Any CPU
		{82510FB3-F606-4F2D-AB3E-ACB8519B8F98}.Release|Any CPU.Build.0 = Release|Any CPU
		{2656CD10-EC52-49DB-A74D-578F7EF1D690}.Debug|Any CPU.ActiveCfg = Debug|Any CPU
		{2656CD10-EC52-49DB-A74D-578F7EF1D690}.Debug|Any CPU.Build.0 = Debug|Any CPU
		{2656CD10-EC52-49DB-A74D-578F7EF1D690}.Release|Any CPU.ActiveCfg = Release|Any CPU
		{2656CD10-EC52-49DB-A74D-578F7EF1D690}.Release|Any CPU.Build.0 = Release|Any CPU
	EndGlobalSection
EndGlobal
