Microsoft Visual Studio Solution File, Format Version 12.00
# Visual Studio 14
VisualStudioVersion = 14.0.22013.1
MinimumVisualStudioVersion = 10.0.40219.1
Project("{FAE04EC0-301F-11D3-BF4B-00C04F79EFBC}") = "iDecryptIt-WPF", "iDecryptIt-WPF\iDecryptIt-WPF.csproj", "{A627FA1E-BE08-4003-B14B-51DC5C05FE6A}"
EndProject
Project("{FAE04EC0-301F-11D3-BF4B-00C04F79EFBC}") = "iPhoneWikiKeyGrabber", "iPhoneWikiKeyGrabber\iPhoneWikiKeyGrabber.csproj", "{AE4ED7CC-5ED3-45AF-B5C2-F592D42573F7}"
EndProject
Project("{FAE04EC0-301F-11D3-BF4B-00C04F79EFBC}") = "Hexware.Plist", "Hexware.Plist\Hexware.Plist.csproj", "{C7D0639F-8A98-441B-B1A6-420DF6122573}"
EndProject
Global
	GlobalSection(SolutionConfigurationPlatforms) = preSolution
		Debug|Any CPU = Debug|Any CPU
		Debug|x64 = Debug|x64
		Debug|x86 = Debug|x86
		Release|Any CPU = Release|Any CPU
		Release|x64 = Release|x64
		Release|x86 = Release|x86
	EndGlobalSection
	GlobalSection(ProjectConfigurationPlatforms) = postSolution
		{A627FA1E-BE08-4003-B14B-51DC5C05FE6A}.Debug|Any CPU.ActiveCfg = Debug|x86
		{A627FA1E-BE08-4003-B14B-51DC5C05FE6A}.Debug|x64.ActiveCfg = Debug|x64
		{A627FA1E-BE08-4003-B14B-51DC5C05FE6A}.Debug|x64.Build.0 = Debug|x64
		{A627FA1E-BE08-4003-B14B-51DC5C05FE6A}.Debug|x86.ActiveCfg = Debug|x86
		{A627FA1E-BE08-4003-B14B-51DC5C05FE6A}.Debug|x86.Build.0 = Debug|x86
		{A627FA1E-BE08-4003-B14B-51DC5C05FE6A}.Release|Any CPU.ActiveCfg = Release|x86
		{A627FA1E-BE08-4003-B14B-51DC5C05FE6A}.Release|x64.ActiveCfg = Release|x64
		{A627FA1E-BE08-4003-B14B-51DC5C05FE6A}.Release|x64.Build.0 = Release|x64
		{A627FA1E-BE08-4003-B14B-51DC5C05FE6A}.Release|x86.ActiveCfg = Release|x86
		{A627FA1E-BE08-4003-B14B-51DC5C05FE6A}.Release|x86.Build.0 = Release|x86
		{AE4ED7CC-5ED3-45AF-B5C2-F592D42573F7}.Debug|Any CPU.ActiveCfg = Debug|x86
		{AE4ED7CC-5ED3-45AF-B5C2-F592D42573F7}.Debug|x64.ActiveCfg = Debug|x86
		{AE4ED7CC-5ED3-45AF-B5C2-F592D42573F7}.Debug|x64.Build.0 = Debug|x86
		{AE4ED7CC-5ED3-45AF-B5C2-F592D42573F7}.Debug|x86.ActiveCfg = Debug|x86
		{AE4ED7CC-5ED3-45AF-B5C2-F592D42573F7}.Debug|x86.Build.0 = Debug|x86
		{AE4ED7CC-5ED3-45AF-B5C2-F592D42573F7}.Release|Any CPU.ActiveCfg = Release|x86
		{AE4ED7CC-5ED3-45AF-B5C2-F592D42573F7}.Release|x64.ActiveCfg = Debug|x86
		{AE4ED7CC-5ED3-45AF-B5C2-F592D42573F7}.Release|x64.Build.0 = Debug|x86
		{AE4ED7CC-5ED3-45AF-B5C2-F592D42573F7}.Release|x86.ActiveCfg = Release|x86
		{AE4ED7CC-5ED3-45AF-B5C2-F592D42573F7}.Release|x86.Build.0 = Release|x86
		{C7D0639F-8A98-441B-B1A6-420DF6122573}.Debug|Any CPU.ActiveCfg = Debug|Any CPU
		{C7D0639F-8A98-441B-B1A6-420DF6122573}.Debug|Any CPU.Build.0 = Debug|Any CPU
		{C7D0639F-8A98-441B-B1A6-420DF6122573}.Debug|x64.ActiveCfg = Debug|Any CPU
		{C7D0639F-8A98-441B-B1A6-420DF6122573}.Debug|x64.Build.0 = Debug|Any CPU
		{C7D0639F-8A98-441B-B1A6-420DF6122573}.Debug|x86.ActiveCfg = Debug|Any CPU
		{C7D0639F-8A98-441B-B1A6-420DF6122573}.Debug|x86.Build.0 = Debug|Any CPU
		{C7D0639F-8A98-441B-B1A6-420DF6122573}.Release|Any CPU.ActiveCfg = Release|Any CPU
		{C7D0639F-8A98-441B-B1A6-420DF6122573}.Release|Any CPU.Build.0 = Release|Any CPU
		{C7D0639F-8A98-441B-B1A6-420DF6122573}.Release|x64.ActiveCfg = Release|Any CPU
		{C7D0639F-8A98-441B-B1A6-420DF6122573}.Release|x64.Build.0 = Release|Any CPU
		{C7D0639F-8A98-441B-B1A6-420DF6122573}.Release|x86.ActiveCfg = Release|Any CPU
		{C7D0639F-8A98-441B-B1A6-420DF6122573}.Release|x86.Build.0 = Release|Any CPU
	EndGlobalSection
	GlobalSection(SolutionProperties) = preSolution
		HideSolutionNode = FALSE
	EndGlobalSection
EndGlobal
